
Microsoft Visual Studio Solution File, Format Version 12.00
# Visual Studio Version 17
VisualStudioVersion = 17.5.33530.505
MinimumVisualStudioVersion = 10.0.40219.1
Project("{FAE04EC0-301F-11D3-BF4B-00C04F79EFBC}") = "BetterGuestBook", "BetterGuestBook.csproj", "{DB70E468-1E02-420F-A511-7A74F34EB33B}"
EndProject
Project("{FAE04EC0-301F-11D3-BF4B-00C04F79EFBC}") = "GuestBookLibrary", "..\GuestBookLibrary\GuestBookLibrary.csproj", "{B5A77983-9D14-43BE-B661-08ED567F43D2}"
EndProject
Global
	GlobalSection(SolutionConfigurationPlatforms) = preSolution
		Debug|Any CPU = Debug|Any CPU
		Release|Any CPU = Release|Any CPU
	EndGlobalSection
	GlobalSection(ProjectConfigurationPlatforms) = postSolution
		{DB70E468-1E02-420F-A511-7A74F34EB33B}.Debug|Any CPU.ActiveCfg = Debug|Any CPU
		{DB70E468-1E02-420F-A511-7A74F34EB33B}.Debug|Any CPU.Build.0 = Debug|Any CPU
		{DB70E468-1E02-420F-A511-7A74F34EB33B}.Release|Any CPU.ActiveCfg = Release|Any CPU
		{DB70E468-1E02-420F-A511-7A74F34EB33B}.Release|Any CPU.Build.0 = Release|Any CPU
		{B5A77983-9D14-43BE-B661-08ED567F43D2}.Debug|Any CPU.ActiveCfg = Debug|Any CPU
		{B5A77983-9D14-43BE-B661-08ED567F43D2}.Debug|Any CPU.Build.0 = Debug|Any CPU
		{B5A77983-9D14-43BE-B661-08ED567F43D2}.Release|Any CPU.ActiveCfg = Release|Any CPU
		{B5A77983-9D14-43BE-B661-08ED567F43D2}.Release|Any CPU.Build.0 = Release|Any CPU
	EndGlobalSection
	GlobalSection(SolutionProperties) = preSolution
		HideSolutionNode = FALSE
	EndGlobalSection
	GlobalSection(ExtensibilityGlobals) = postSolution
		SolutionGuid = {8FE0FCD9-27E4-4A29-8725-AAF8F1D35ED4}
	EndGlobalSection
EndGlobal
